PODS:
  - Flutter (1.0.0)
  - nkn_sdk_flutter (0.1.15):
    - Flutter

DEPENDENCIES:
  - Flutter (from `Flutter`)
  - nkn_sdk_flutter (from `.symlinks/plugins/nkn_sdk_flutter/ios`)

EXTERNAL SOURCES:
  Flutter:
    :path: Flutter
  nkn_sdk_flutter:
    :path: ".symlinks/plugins/nkn_sdk_flutter/ios"

SPEC CHECKSUMS:
  Flutter: cabc95a1d2626b1b06e7179b784ebcf0c0cde467
  nkn_sdk_flutter: 58f1b078e197b86b921cd0a93a12504a28714462

PODFILE CHECKSUM: cc1f88378b4bfcf93a6ce00d2c587857c6008d3b

COCOAPODS: 1.16.2
